
Microsoft Visual Studio Solution File, Format Version 12.00
# Visual Studio Version 17
VisualStudioVersion = 17.6.33815.320
MinimumVisualStudioVersion = 10.0.40219.1
Project("{FAE04EC0-301F-11D3-BF4B-00C04F79EFBC}") = "Test", "Test\Test.csproj", "{A1D81B3D-004C-4504-9956-6FC066D0066E}"
EndProject
Global
	GlobalSection(SolutionConfigurationPlatforms) = preSolution
		Debug|Any CPU = Debug|Any CPU
		Release|Any CPU = Release|Any CPU
	EndGlobalSection
	GlobalSection(ProjectConfigurationPlatforms) = postSolution
		{A1D81B3D-004C-4504-9956-6FC066D0066E}.Debug|Any CPU.ActiveCfg = Debug|Any CPU
		{A1D81B3D-004C-4504-9956-6FC066D0066E}.Debug|Any CPU.Build.0 = Debug|Any CPU
		{A1D81B3D-004C-4504-9956-6FC066D0066E}.Release|Any CPU.ActiveCfg = Release|Any CPU
		{A1D81B3D-004C-4504-9956-6FC066D0066E}.Release|Any CPU.Build.0 = Release|Any CPU
	EndGlobalSection
	GlobalSection(SolutionProperties) = preSolution
		HideSolutionNode = FALSE
	EndGlobalSection
	GlobalSection(ExtensibilityGlobals) = postSolution
		SolutionGuid = {C057968D-F17E-4115-9BC9-53FFEB5A1127}
	EndGlobalSection
EndGlobal
